{
  "name": "codeforheilbronn-website",
  "version": "1.0.0",
  "lockfileVersion": 3,
  "requires": true,
  "packages": {
    "": {
      "name": "codeforheilbronn-website",
      "version": "1.0.0",
      "license": "MIT",
      "dependencies": {
        "@sveltia/cms": "^0.164.0",
        "ical.js": "^2.2.1"
      }
    },
    "node_modules/@sveltia/cms": {
      "version": "0.164.0",
      "resolved": "https://registry.npmjs.org/@sveltia/cms/-/cms-0.164.0.tgz",
      "integrity": "sha512-eBo/MMhyb8DL7Zcn+++ZYNLmHEKp6FzHRehj8cByige3kwbj0I05LWMsTjiL6TE5WbKcolIyYdlianupJ7ri2w==",
      "license": "MIT",
      "funding": {
        "type": "github",
        "url": "https://github.com/sponsors/kyoshino"
      }
    },
    "node_modules/ical.js": {
      "version": "2.2.1",
      "resolved": "https://registry.npmjs.org/ical.js/-/ical.js-2.2.1.tgz",
      "integrity": "sha512-yK/UlPbEs316igb/tjRgbFA8ZV75rCsBJp/hWOatpyaPNlgw0dGDmU+FoicOcwX4xXkeXOkYiOmCqNPFpNPkQg==",
      "license": "MPL-2.0"
    }
  }
}
